
Microsoft Visual Studio Solution File, Format Version 11.00
# Visual Studio 2010
Project("{D2ABAB84-BF74-430A-B69E-9DC6D40DDA17}") = "distribuicoes_multidim", "distribuicoes_multidim\distribuicoes_multidim.dwproj", "{6B89460A-9877-413A-919C-FB8A233111A9}"
EndProject
Global
	GlobalSection(SolutionConfigurationPlatforms) = preSolution
		Development|Default = Development|Default
	EndGlobalSection
	GlobalSection(ProjectConfigurationPlatforms) = postSolution
		{6B89460A-9877-413A-919C-FB8A233111A9}.Development|Default.ActiveCfg = Development
		{6B89460A-9877-413A-919C-FB8A233111A9}.Development|Default.Build.0 = Development
		{6B89460A-9877-413A-919C-FB8A233111A9}.Development|Default.Deploy.0 = Development
	EndGlobalSection
	GlobalSection(SolutionProperties) = preSolution
		HideSolutionNode = FALSE
	EndGlobalSection
EndGlobal
